<?xml version="1.0" encoding="utf-8"?>
<Project ToolsVersion="4.0" xmlns="http://schemas.microsoft.com/developer/msbuild/2003">
  <ItemGroup>
    <Filter Include="Source Files">
      <UniqueIdentifier>{4FC737F1-C7A5-4376-A066-2A32D752A2FF}</UniqueIdentifier>
      <Extensions>cpp;c;cc;cxx;def;odl;idl;hpj;bat;asm;asmx</Extensions>
    </Filter>
    <Filter Include="Header Files">
      <UniqueIdentifier>{93995380-89BD-4b04-88EB-625FBE52EBFB}</UniqueIdentifier>
      <Extensions>h;hh;hpp;hxx;hm;inl;inc;xsd</Extensions>
    </Filter>
    <Filter Include="Resource Files">
      <UniqueIdentifier>{67DA6AB6-F800-4c08-8B7A-83BB121AAD01}</UniqueIdentifier>
      <Extensions>rc;ico;cur;bmp;dlg;rc2;rct;bin;rgs;gif;jpg;jpeg;jpe;resx;tiff;tif;png;wav;mfcribbon-ms</Extensions>
    </Filter>
  </ItemGroup>
  <ItemGroup>
    <ClInclude Include="include\Core\Environment.hxx">
      <Filter>Header Files</Filter>
    </ClInclude>
    <ClInclude Include="include\Core.Diagnostics\Trace.hxx">
      <Filter>Header Files</Filter>
    </ClInclude>
    <ClInclude Include="include\Core.Diagnostics\Debug.hxx">
      <Filter>Header Files</Filter>
    </ClInclude>
    <ClInclude Include="include\Core\CoreWindow.hxx">
      <Filter>Header Files</Filter>
    </ClInclude>
    <ClInclude Include="include\Core\CoreApplication.hxx">
      <Filter>Header Files</Filter>
    </ClInclude>
    <ClInclude Include="include\Core\CoreEventHandler.hxx">
      <Filter>Header Files</Filter>
    </ClInclude>
    <ClInclude Include="include\Core\Common.hxx">
      <Filter>Header Files</Filter>
    </ClInclude>
    <ClInclude Include="include\Core.Rendering\RenderSystem.hxx">
      <Filter>Header Files</Filter>
    </ClInclude>
    <ClInclude Include="include\Core.Rendering\Common.hxx">
      <Filter>Header Files</Filter>
    </ClInclude>
    <ClInclude Include="include\Core.Rendering\Resource.hxx">
      <Filter>Header Files</Filter>
    </ClInclude>
    <ClInclude Include="include\Core.Rendering\Viewport.hxx">
      <Filter>Header Files</Filter>
    </ClInclude>
    <ClInclude Include="include\Core.Rendering\GraphicsPipelineState.hxx">
      <Filter>Header Files</Filter>
    </ClInclude>
    <ClInclude Include="include\Core\Timer.hxx">
      <Filter>Header Files</Filter>
    </ClInclude>
    <ClInclude Include="include\Core.Rendering\Buffers.hxx">
      <Filter>Header Files</Filter>
    </ClInclude>
    <ClInclude Include="include\Core.Rendering\Query.hxx">
      <Filter>Header Files</Filter>
    </ClInclude>
    <ClInclude Include="include\Core.Rendering\CommandList.hxx">
      <Filter>Header Files</Filter>
    </ClInclude>
    <ClInclude Include="include\Core\FileSystem.hxx">
      <Filter>Header Files</Filter>
    </ClInclude>
    <ClInclude Include="include\Core.World\Scene.hxx">
      <Filter>Header Files</Filter>
    </ClInclude>
    <ClInclude Include="include\Core.World\Physics.hxx">
      <Filter>Header Files</Filter>
    </ClInclude>
    <ClInclude Include="include\Core\Object.hxx">
      <Filter>Header Files</Filter>
    </ClInclude>
    <ClInclude Include="include\Core\Reference.hxx">
      <Filter>Header Files</Filter>
    </ClInclude>
    <ClInclude Include="include\Core.Rendering\Sampler.hxx">
      <Filter>Header Files</Filter>
    </ClInclude>
    <ClInclude Include="include\Core.World\Common.hxx">
      <Filter>Header Files</Filter>
    </ClInclude>
    <ClInclude Include="include\Core.Rendering\MaterialRenderer.hxx">
      <Filter>Header Files</Filter>
    </ClInclude>
    <ClInclude Include="include\Core.Rendering\MeshRenderer.hxx">
      <Filter>Header Files</Filter>
    </ClInclude>
    <ClInclude Include="include\Core.World\Camera.hxx">
      <Filter>Header Files</Filter>
    </ClInclude>
    <ClInclude Include="include\Core\StringFormat.hxx">
      <Filter>Header Files</Filter>
    </ClInclude>
    <ClInclude Include="include\Core.World\GameObject.hxx">
      <Filter>Header Files</Filter>
    </ClInclude>
    <ClInclude Include="include\Core\StringHash.hxx">
      <Filter>Header Files</Filter>
    </ClInclude>
    <ClInclude Include="include\Core.Rendering\Texture2D.hxx">
      <Filter>Header Files</Filter>
    </ClInclude>
    <ClInclude Include="source\Core.Rendering\DDSTextureLoader.h">
      <Filter>Header Files</Filter>
    </ClInclude>
  </ItemGroup>
  <ItemGroup>
    <ClCompile Include="source\Core\Environment.cxx">
      <Filter>Source Files</Filter>
    </ClCompile>
    <ClCompile Include="source\Core.Diagnostics\Trace.cxx">
      <Filter>Source Files</Filter>
    </ClCompile>
    <ClCompile Include="source\Core.Diagnostics\Debug.cxx">
      <Filter>Source Files</Filter>
    </ClCompile>
    <ClCompile Include="source\Core\CoreWindow.cxx">
      <Filter>Source Files</Filter>
    </ClCompile>
    <ClCompile Include="source\Core\CoreApplication.cxx">
      <Filter>Source Files</Filter>
    </ClCompile>
    <ClCompile Include="source\Core\CoreEventHandler.cxx">
      <Filter>Source Files</Filter>
    </ClCompile>
    <ClCompile Include="source\Core.Rendering\RenderSystem.cxx">
      <Filter>Source Files</Filter>
    </ClCompile>
    <ClCompile Include="source\Core.Rendering\Resource.cxx">
      <Filter>Source Files</Filter>
    </ClCompile>
    <ClCompile Include="source\Core.Rendering\Viewport.cxx">
      <Filter>Source Files</Filter>
    </ClCompile>
    <ClCompile Include="source\Core.Rendering\GraphicsPipelineState.cxx">
      <Filter>Source Files</Filter>
    </ClCompile>
    <ClCompile Include="source\Core\Timer.cxx">
      <Filter>Source Files</Filter>
    </ClCompile>
    <ClCompile Include="source\Core.Rendering\VertexBuffer.cxx">
      <Filter>Source Files</Filter>
    </ClCompile>
    <ClCompile Include="source\Core.Rendering\IndexBuffer.cxx">
      <Filter>Source Files</Filter>
    </ClCompile>
    <ClCompile Include="source\Core.Rendering\OcclusionQuery.cxx">
      <Filter>Source Files</Filter>
    </ClCompile>
    <ClCompile Include="source\Core.Rendering\CommandList.cxx">
      <Filter>Source Files</Filter>
    </ClCompile>
    <ClCompile Include="source\Core\FileSystem.cxx">
      <Filter>Source Files</Filter>
    </ClCompile>
    <ClCompile Include="source\Core.World\Scene.cxx">
      <Filter>Source Files</Filter>
    </ClCompile>
    <ClCompile Include="source\Core.World\Physics.cxx">
      <Filter>Source Files</Filter>
    </ClCompile>
    <ClCompile Include="source\Core.Rendering\UniformBuffer.cxx">
      <Filter>Source Files</Filter>
    </ClCompile>
    <ClCompile Include="source\Core.Rendering\Sampler.cxx">
      <Filter>Source Files</Filter>
    </ClCompile>
    <ClCompile Include="source\Core.Rendering\MaterialRenderer.cxx">
      <Filter>Source Files</Filter>
    </ClCompile>
    <ClCompile Include="source\Core.Rendering\MeshRenderer.cxx">
      <Filter>Source Files</Filter>
    </ClCompile>
    <ClCompile Include="source\Core.World\Camera.cxx">
      <Filter>Source Files</Filter>
    </ClCompile>
    <ClCompile Include="source\Core\StringFormat.cxx">
      <Filter>Source Files</Filter>
    </ClCompile>
    <ClCompile Include="source\Core.World\GameObject.cxx">
      <Filter>Source Files</Filter>
    </ClCompile>
    <ClCompile Include="source\Core.Rendering\DDSTextureLoader.cxx">
      <Filter>Source Files</Filter>
    </ClCompile>
    <ClCompile Include="source\Core.Rendering\Texture2D.cxx">
      <Filter>Source Files</Filter>
    </ClCompile>
  </ItemGroup>
</Project>